
Microsoft Visual Studio Solution File, Format Version 12.00
# Visual Studio Version 17
VisualStudioVersion = 17.9.34616.47
MinimumVisualStudioVersion = 10.0.40219.1
Project("{FAE04EC0-301F-11D3-BF4B-00C04F79EFBC}") = "OSIMS_web", "OSIMS_web\OSIMS_web.csproj", "{9E14FB0A-8359-4415-BB32-E594253EB33D}"
EndProject
Global
	GlobalSection(SolutionConfigurationPlatforms) = preSolution
		Debug|Any CPU = Debug|Any CPU
		Release|Any CPU = Release|Any CPU
	EndGlobalSection
	GlobalSection(ProjectConfigurationPlatforms) = postSolution
		{9E14FB0A-8359-4415-BB32-E594253EB33D}.Debug|Any CPU.ActiveCfg = Debug|Any CPU
		{9E14FB0A-8359-4415-BB32-E594253EB33D}.Debug|Any CPU.Build.0 = Debug|Any CPU
		{9E14FB0A-8359-4415-BB32-E594253EB33D}.Release|Any CPU.ActiveCfg = Release|Any CPU
		{9E14FB0A-8359-4415-BB32-E594253EB33D}.Release|Any CPU.Build.0 = Release|Any CPU
	EndGlobalSection
	GlobalSection(SolutionProperties) = preSolution
		HideSolutionNode = FALSE
	EndGlobalSection
	GlobalSection(ExtensibilityGlobals) = postSolution
		SolutionGuid = {6CBC14C5-E609-443E-AD3B-E2C8A2F1CC1D}
	EndGlobalSection
EndGlobal
